
Microsoft Visual Studio Solution File, Format Version 12.00
# Visual Studio Version 16
VisualStudioVersion = 16.0.30002.166
MinimumVisualStudioVersion = 10.0.40219.1
Project("{FAE04EC0-301F-11D3-BF4B-00C04F79EFBC}") = "StoreManagerUI", "StoreManagerUI\StoreManagerUI.csproj", "{A328D705-7717-41B1-B6E1-78DAA656F88E}"
EndProject
Project("{FAE04EC0-301F-11D3-BF4B-00C04F79EFBC}") = "StoreManager.Data", "StoreManager.Data\StoreManager.Data.csproj", "{D6E4F280-9A9F-4A8B-BE32-D8AFD336D984}"
EndProject
Project("{FAE04EC0-301F-11D3-BF4B-00C04F79EFBC}") = "StoreManager.Core", "StoreManager.Core\StoreManager.Core.csproj", "{32DE027C-B4E5-46D9-A857-194E4978D2ED}"
EndProject
Global
	GlobalSection(SolutionConfigurationPlatforms) = preSolution
		Debug|Any CPU = Debug|Any CPU
		Release|Any CPU = Release|Any CPU
	EndGlobalSection
	GlobalSection(ProjectConfigurationPlatforms) = postSolution
		{A328D705-7717-41B1-B6E1-78DAA656F88E}.Debug|Any CPU.ActiveCfg = Debug|Any CPU
		{A328D705-7717-41B1-B6E1-78DAA656F88E}.Debug|Any CPU.Build.0 = Debug|Any CPU
		{A328D705-7717-41B1-B6E1-78DAA656F88E}.Release|Any CPU.ActiveCfg = Release|Any CPU
		{A328D705-7717-41B1-B6E1-78DAA656F88E}.Release|Any CPU.Build.0 = Release|Any CPU
		{D6E4F280-9A9F-4A8B-BE32-D8AFD336D984}.Debug|Any CPU.ActiveCfg = Debug|Any CPU
		{D6E4F280-9A9F-4A8B-BE32-D8AFD336D984}.Debug|Any CPU.Build.0 = Debug|Any CPU
		{D6E4F280-9A9F-4A8B-BE32-D8AFD336D984}.Release|Any CPU.ActiveCfg = Release|Any CPU
		{D6E4F280-9A9F-4A8B-BE32-D8AFD336D984}.Release|Any CPU.Build.0 = Release|Any CPU
		{32DE027C-B4E5-46D9-A857-194E4978D2ED}.Debug|Any CPU.ActiveCfg = Debug|Any CPU
		{32DE027C-B4E5-46D9-A857-194E4978D2ED}.Debug|Any CPU.Build.0 = Debug|Any CPU
		{32DE027C-B4E5-46D9-A857-194E4978D2ED}.Release|Any CPU.ActiveCfg = Release|Any CPU
		{32DE027C-B4E5-46D9-A857-194E4978D2ED}.Release|Any CPU.Build.0 = Release|Any CPU
	EndGlobalSection
	GlobalSection(SolutionProperties) = preSolution
		HideSolutionNode = FALSE
	EndGlobalSection
	GlobalSection(ExtensibilityGlobals) = postSolution
		SolutionGuid = {50C82A6F-B1FD-4AAC-8D8F-07A0539E92B6}
	EndGlobalSection
EndGlobal
